
Microsoft Visual Studio Solution File, Format Version 12.00
# Visual Studio Version 17
VisualStudioVersion = 17.8.34511.84
MinimumVisualStudioVersion = 10.0.40219.1
Project("{FAE04EC0-301F-11D3-BF4B-00C04F79EFBC}") = "stosyppp", "stosyppp\stosyppp.csproj", "{DC229F16-44A0-4853-873B-76B0F3B63774}"
EndProject
Global
	GlobalSection(SolutionConfigurationPlatforms) = preSolution
		Debug|Any CPU = Debug|Any CPU
		Release|Any CPU = Release|Any CPU
	EndGlobalSection
	GlobalSection(ProjectConfigurationPlatforms) = postSolution
		{DC229F16-44A0-4853-873B-76B0F3B63774}.Debug|Any CPU.ActiveCfg = Debug|Any CPU
		{DC229F16-44A0-4853-873B-76B0F3B63774}.Debug|Any CPU.Build.0 = Debug|Any CPU
		{DC229F16-44A0-4853-873B-76B0F3B63774}.Release|Any CPU.ActiveCfg = Release|Any CPU
		{DC229F16-44A0-4853-873B-76B0F3B63774}.Release|Any CPU.Build.0 = Release|Any CPU
	EndGlobalSection
	GlobalSection(SolutionProperties) = preSolution
		HideSolutionNode = FALSE
	EndGlobalSection
	GlobalSection(ExtensibilityGlobals) = postSolution
		SolutionGuid = {F0197DCE-9B46-4F1E-9709-E7C422CF7E3F}
	EndGlobalSection
EndGlobal
